
Microsoft Visual Studio Solution File, Format Version 12.00
# Visual Studio 2012
Project("{2150E333-8FDC-42A3-9474-1A3956D46DE8}") = "ling.tests", "ling.tests", "{4BCBBFE7-FE2D-4E4F-B201-A8E114B0B9DC}"
EndProject
Project("{FAE04EC0-301F-11D3-BF4B-00C04F79EFBC}") = "ling.Web", "Typer.Web\ling.Web.csproj", "{B81FAB79-30C0-42ED-9875-D85D38ACEEDD}"
EndProject
Project("{FAE04EC0-301F-11D3-BF4B-00C04F79EFBC}") = "ling.Domain", "Typer.Domain\ling.Domain.csproj", "{3EAA9D4E-25A5-4E32-B0C5-2E45AD15BD91}"
EndProject
Project("{FAE04EC0-301F-11D3-BF4B-00C04F79EFBC}") = "ling.Tests.UnitTests", "Typer.Tests.UnitTests\ling.Tests.UnitTests.csproj", "{B013BBE4-326D-47EA-BC51-7D107CAE9DD8}"
EndProject
Project("{FAE04EC0-301F-11D3-BF4B-00C04F79EFBC}") = "ling.DAL", "Typer.DAL\ling.DAL.csproj", "{401D8A84-3DF6-4B9B-9DE4-79DC508CE143}"
EndProject
Project("{FAE04EC0-301F-11D3-BF4B-00C04F79EFBC}") = "ling.Common", "Typer.Common\ling.Common.csproj", "{11B5FD2F-C19C-4377-9E1C-342D55156882}"
EndProject
Global
	GlobalSection(SolutionConfigurationPlatforms) = preSolution
		Debug|Any CPU = Debug|Any CPU
		Release|Any CPU = Release|Any CPU
	EndGlobalSection
	GlobalSection(ProjectConfigurationPlatforms) = postSolution
		{B81FAB79-30C0-42ED-9875-D85D38ACEEDD}.Debug|Any CPU.ActiveCfg = Debug|Any CPU
		{B81FAB79-30C0-42ED-9875-D85D38ACEEDD}.Debug|Any CPU.Build.0 = Debug|Any CPU
		{B81FAB79-30C0-42ED-9875-D85D38ACEEDD}.Release|Any CPU.ActiveCfg = Release|Any CPU
		{B81FAB79-30C0-42ED-9875-D85D38ACEEDD}.Release|Any CPU.Build.0 = Release|Any CPU
		{3EAA9D4E-25A5-4E32-B0C5-2E45AD15BD91}.Debug|Any CPU.ActiveCfg = Debug|Any CPU
		{3EAA9D4E-25A5-4E32-B0C5-2E45AD15BD91}.Debug|Any CPU.Build.0 = Debug|Any CPU
		{3EAA9D4E-25A5-4E32-B0C5-2E45AD15BD91}.Release|Any CPU.ActiveCfg = Release|Any CPU
		{3EAA9D4E-25A5-4E32-B0C5-2E45AD15BD91}.Release|Any CPU.Build.0 = Release|Any CPU
		{B013BBE4-326D-47EA-BC51-7D107CAE9DD8}.Debug|Any CPU.ActiveCfg = Debug|Any CPU
		{B013BBE4-326D-47EA-BC51-7D107CAE9DD8}.Debug|Any CPU.Build.0 = Debug|Any CPU
		{B013BBE4-326D-47EA-BC51-7D107CAE9DD8}.Release|Any CPU.ActiveCfg = Release|Any CPU
		{B013BBE4-326D-47EA-BC51-7D107CAE9DD8}.Release|Any CPU.Build.0 = Release|Any CPU
		{401D8A84-3DF6-4B9B-9DE4-79DC508CE143}.Debug|Any CPU.ActiveCfg = Debug|Any CPU
		{401D8A84-3DF6-4B9B-9DE4-79DC508CE143}.Debug|Any CPU.Build.0 = Debug|Any CPU
		{401D8A84-3DF6-4B9B-9DE4-79DC508CE143}.Release|Any CPU.ActiveCfg = Release|Any CPU
		{401D8A84-3DF6-4B9B-9DE4-79DC508CE143}.Release|Any CPU.Build.0 = Release|Any CPU
		{11B5FD2F-C19C-4377-9E1C-342D55156882}.Debug|Any CPU.ActiveCfg = Debug|Any CPU
		{11B5FD2F-C19C-4377-9E1C-342D55156882}.Debug|Any CPU.Build.0 = Debug|Any CPU
		{11B5FD2F-C19C-4377-9E1C-342D55156882}.Release|Any CPU.ActiveCfg = Release|Any CPU
		{11B5FD2F-C19C-4377-9E1C-342D55156882}.Release|Any CPU.Build.0 = Release|Any CPU
	EndGlobalSection
	GlobalSection(SolutionProperties) = preSolution
		HideSolutionNode = FALSE
	EndGlobalSection
	GlobalSection(NestedProjects) = preSolution
		{B013BBE4-326D-47EA-BC51-7D107CAE9DD8} = {4BCBBFE7-FE2D-4E4F-B201-A8E114B0B9DC}
	EndGlobalSection
EndGlobal
