
Microsoft Visual Studio Solution File, Format Version 12.00
# Visual Studio 2012
Project("{FAE04EC0-301F-11D3-BF4B-00C04F79EFBC}") = "LoginForm", "LoginForm\LoginForm.csproj", "{439DF7C0-650C-4E75-A3F9-FE3DCDCB1747}"
EndProject
Project("{FAE04EC0-301F-11D3-BF4B-00C04F79EFBC}") = "LoginForm.Tests", "LoginForm.Tests\LoginForm.Tests.csproj", "{AE3883C2-A638-45B6-9D97-2C20E982E0BC}"
EndProject
Project("{FAE04EC0-301F-11D3-BF4B-00C04F79EFBC}") = "Helpers", "Helpers\Helpers.csproj", "{2EFDFDD6-FEC0-4084-A66C-6A084B94B604}"
EndProject
Global
	GlobalSection(SolutionConfigurationPlatforms) = preSolution
		Debug|Any CPU = Debug|Any CPU
		Release|Any CPU = Release|Any CPU
	EndGlobalSection
	GlobalSection(ProjectConfigurationPlatforms) = postSolution
		{439DF7C0-650C-4E75-A3F9-FE3DCDCB1747}.Debug|Any CPU.ActiveCfg = Debug|Any CPU
		{439DF7C0-650C-4E75-A3F9-FE3DCDCB1747}.Debug|Any CPU.Build.0 = Debug|Any CPU
		{439DF7C0-650C-4E75-A3F9-FE3DCDCB1747}.Release|Any CPU.ActiveCfg = Release|Any CPU
		{439DF7C0-650C-4E75-A3F9-FE3DCDCB1747}.Release|Any CPU.Build.0 = Release|Any CPU
		{AE3883C2-A638-45B6-9D97-2C20E982E0BC}.Debug|Any CPU.ActiveCfg = Debug|Any CPU
		{AE3883C2-A638-45B6-9D97-2C20E982E0BC}.Debug|Any CPU.Build.0 = Debug|Any CPU
		{AE3883C2-A638-45B6-9D97-2C20E982E0BC}.Release|Any CPU.ActiveCfg = Release|Any CPU
		{AE3883C2-A638-45B6-9D97-2C20E982E0BC}.Release|Any CPU.Build.0 = Release|Any CPU
		{2EFDFDD6-FEC0-4084-A66C-6A084B94B604}.Debug|Any CPU.ActiveCfg = Debug|Any CPU
		{2EFDFDD6-FEC0-4084-A66C-6A084B94B604}.Debug|Any CPU.Build.0 = Debug|Any CPU
		{2EFDFDD6-FEC0-4084-A66C-6A084B94B604}.Release|Any CPU.ActiveCfg = Release|Any CPU
		{2EFDFDD6-FEC0-4084-A66C-6A084B94B604}.Release|Any CPU.Build.0 = Release|Any CPU
	EndGlobalSection
	GlobalSection(SolutionProperties) = preSolution
		HideSolutionNode = FALSE
	EndGlobalSection
EndGlobal
